
Microsoft Visual Studio Solution File, Format Version 12.00
# Visual Studio Version 17
VisualStudioVersion = 17.7.34024.191
MinimumVisualStudioVersion = 10.0.40219.1
Project("{FAE04EC0-301F-11D3-BF4B-00C04F79EFBC}") = "ConsoleApp1", "ConsoleApp1\ConsoleApp1.csproj", "{A57F54D5-157F-441F-BE2A-5300D404D0D5}"
EndProject
Project("{FAE04EC0-301F-11D3-BF4B-00C04F79EFBC}") = "ClassLibrary1", "ClassLibrary1\ClassLibrary1.csproj", "{0780C514-906E-4578-AB49-9704133F325A}"
EndProject
Global
	GlobalSection(SolutionConfigurationPlatforms) = preSolution
		Debug|Any CPU = Debug|Any CPU
		Release|Any CPU = Release|Any CPU
	EndGlobalSection
	GlobalSection(ProjectConfigurationPlatforms) = postSolution
		{A57F54D5-157F-441F-BE2A-5300D404D0D5}.Debug|Any CPU.ActiveCfg = Debug|Any CPU
		{A57F54D5-157F-441F-BE2A-5300D404D0D5}.Debug|Any CPU.Build.0 = Debug|Any CPU
		{A57F54D5-157F-441F-BE2A-5300D404D0D5}.Release|Any CPU.ActiveCfg = Release|Any CPU
		{A57F54D5-157F-441F-BE2A-5300D404D0D5}.Release|Any CPU.Build.0 = Release|Any CPU
		{0780C514-906E-4578-AB49-9704133F325A}.Debug|Any CPU.ActiveCfg = Debug|Any CPU
		{0780C514-906E-4578-AB49-9704133F325A}.Debug|Any CPU.Build.0 = Debug|Any CPU
		{0780C514-906E-4578-AB49-9704133F325A}.Release|Any CPU.ActiveCfg = Release|Any CPU
		{0780C514-906E-4578-AB49-9704133F325A}.Release|Any CPU.Build.0 = Release|Any CPU
	EndGlobalSection
	GlobalSection(SolutionProperties) = preSolution
		HideSolutionNode = FALSE
	EndGlobalSection
	GlobalSection(ExtensibilityGlobals) = postSolution
		SolutionGuid = {4611C38F-CB4A-4867-94AB-0683AEE8B1FD}
	EndGlobalSection
EndGlobal
